
Microsoft Visual Studio Solution File, Format Version 12.00
# Visual Studio Version 17
VisualStudioVersion = 17.13.35913.81 d17.13
MinimumVisualStudioVersion = 10.0.40219.1
Project("{FAE04EC0-301F-11D3-BF4B-00C04F79EFBC}") = "dizilerveDöngüler", "dizilerveDöngüler\dizilerveDöngüler.csproj", "{D023F206-5749-49C3-9928-8DD8DB597CBF}"
EndProject
Global
	GlobalSection(SolutionConfigurationPlatforms) = preSolution
		Debug|Any CPU = Debug|Any CPU
		Release|Any CPU = Release|Any CPU
	EndGlobalSection
	GlobalSection(ProjectConfigurationPlatforms) = postSolution
		{D023F206-5749-49C3-9928-8DD8DB597CBF}.Debug|Any CPU.ActiveCfg = Debug|Any CPU
		{D023F206-5749-49C3-9928-8DD8DB597CBF}.Debug|Any CPU.Build.0 = Debug|Any CPU
		{D023F206-5749-49C3-9928-8DD8DB597CBF}.Release|Any CPU.ActiveCfg = Release|Any CPU
		{D023F206-5749-49C3-9928-8DD8DB597CBF}.Release|Any CPU.Build.0 = Release|Any CPU
	EndGlobalSection
	GlobalSection(SolutionProperties) = preSolution
		HideSolutionNode = FALSE
	EndGlobalSection
	GlobalSection(ExtensibilityGlobals) = postSolution
		SolutionGuid = {CFCBEF41-4D39-47DF-AF22-5C7F66B6A201}
	EndGlobalSection
EndGlobal
